
Microsoft Visual Studio Solution File, Format Version 12.00
# Visual Studio 15
VisualStudioVersion = 15.0.28010.2036
MinimumVisualStudioVersion = 10.0.40219.1
Project("{FAE04EC0-301F-11D3-BF4B-00C04F79EFBC}") = "testApp", "testApp\testApp.csproj", "{1B9B3FBA-A5D6-49D5-B57A-5D125FB0510A}"
EndProject
Project("{9A19103F-16F7-4668-BE54-9A1E7A4F7556}") = "TestRenovateApp", "TestRenovateApp\TestRenovateApp.csproj", "{96E16E88-1594-407E-B214-2B72043B1D45}"
EndProject
Project("{FAE04EC0-301F-11D3-BF4B-00C04F79EFBC}") = "WebAppEMN", "WebAppEMN\WebAppEMN.csproj", "{1F06220A-BDAC-4AD2-AA18-41549D6B2B89}"
EndProject
Global
	GlobalSection(SolutionConfigurationPlatforms) = preSolution
		Debug|Any CPU = Debug|Any CPU
		Release|Any CPU = Release|Any CPU
	EndGlobalSection
	GlobalSection(ProjectConfigurationPlatforms) = postSolution
		{1B9B3FBA-A5D6-49D5-B57A-5D125FB0510A}.Debug|Any CPU.ActiveCfg = Debug|Any CPU
		{1B9B3FBA-A5D6-49D5-B57A-5D125FB0510A}.Debug|Any CPU.Build.0 = Debug|Any CPU
		{1B9B3FBA-A5D6-49D5-B57A-5D125FB0510A}.Release|Any CPU.ActiveCfg = Release|Any CPU
		{1B9B3FBA-A5D6-49D5-B57A-5D125FB0510A}.Release|Any CPU.Build.0 = Release|Any CPU
		{96E16E88-1594-407E-B214-2B72043B1D45}.Debug|Any CPU.ActiveCfg = Debug|Any CPU
		{96E16E88-1594-407E-B214-2B72043B1D45}.Debug|Any CPU.Build.0 = Debug|Any CPU
		{96E16E88-1594-407E-B214-2B72043B1D45}.Release|Any CPU.ActiveCfg = Release|Any CPU
		{96E16E88-1594-407E-B214-2B72043B1D45}.Release|Any CPU.Build.0 = Release|Any CPU
		{1F06220A-BDAC-4AD2-AA18-41549D6B2B89}.Debug|Any CPU.ActiveCfg = Debug|Any CPU
		{1F06220A-BDAC-4AD2-AA18-41549D6B2B89}.Debug|Any CPU.Build.0 = Debug|Any CPU
		{1F06220A-BDAC-4AD2-AA18-41549D6B2B89}.Release|Any CPU.ActiveCfg = Release|Any CPU
		{1F06220A-BDAC-4AD2-AA18-41549D6B2B89}.Release|Any CPU.Build.0 = Release|Any CPU
	EndGlobalSection
	GlobalSection(SolutionProperties) = preSolution
		HideSolutionNode = FALSE
	EndGlobalSection
	GlobalSection(ExtensibilityGlobals) = postSolution
		SolutionGuid = {0C8E1973-1D3F-439E-81DF-67DF0F5EDD19}
	EndGlobalSection
EndGlobal
